
Microsoft Visual Studio Solution File, Format Version 12.00
# Visual Studio Version 16
VisualStudioVersion = 16.0.31019.35
MinimumVisualStudioVersion = 10.0.40219.1
Project("{8BC9CEB8-8B4A-11D0-8D11-00A0C91BC942}") = "guguServer", "guguServer\guguServer.vcxproj", "{7A4EBF13-B652-47AE-8A39-E2F2AE2F3BFB}"
	ProjectSection(ProjectDependencies) = postProject
		{998839FF-80BD-4ED9-8A3F-21ACEFF9AB7D} = {998839FF-80BD-4ED9-8A3F-21ACEFF9AB7D}
	EndProjectSection
EndProject
Project("{8BC9CEB8-8B4A-11D0-8D11-00A0C91BC942}") = "guguAlloc", "guguAlloc\guguAlloc.vcxproj", "{998839FF-80BD-4ED9-8A3F-21ACEFF9AB7D}"
EndProject
Global
	GlobalSection(SolutionConfigurationPlatforms) = preSolution
		Debug|x64 = Debug|x64
		Debug|x86 = Debug|x86
		Release|x64 = Release|x64
		Release|x86 = Release|x86
	EndGlobalSection
	GlobalSection(ProjectConfigurationPlatforms) = postSolution
		{7A4EBF13-B652-47AE-8A39-E2F2AE2F3BFB}.Debug|x64.ActiveCfg = Debug|x64
		{7A4EBF13-B652-47AE-8A39-E2F2AE2F3BFB}.Debug|x64.Build.0 = Debug|x64
		{7A4EBF13-B652-47AE-8A39-E2F2AE2F3BFB}.Debug|x86.ActiveCfg = Debug|Win32
		{7A4EBF13-B652-47AE-8A39-E2F2AE2F3BFB}.Debug|x86.Build.0 = Debug|Win32
		{7A4EBF13-B652-47AE-8A39-E2F2AE2F3BFB}.Release|x64.ActiveCfg = Release|x64
		{7A4EBF13-B652-47AE-8A39-E2F2AE2F3BFB}.Release|x64.Build.0 = Release|x64
		{7A4EBF13-B652-47AE-8A39-E2F2AE2F3BFB}.Release|x86.ActiveCfg = Release|Win32
		{7A4EBF13-B652-47AE-8A39-E2F2AE2F3BFB}.Release|x86.Build.0 = Release|Win32
		{998839FF-80BD-4ED9-8A3F-21ACEFF9AB7D}.Debug|x64.ActiveCfg = Debug|x64
		{998839FF-80BD-4ED9-8A3F-21ACEFF9AB7D}.Debug|x64.Build.0 = Debug|x64
		{998839FF-80BD-4ED9-8A3F-21ACEFF9AB7D}.Debug|x86.ActiveCfg = Debug|Win32
		{998839FF-80BD-4ED9-8A3F-21ACEFF9AB7D}.Debug|x86.Build.0 = Debug|Win32
		{998839FF-80BD-4ED9-8A3F-21ACEFF9AB7D}.Release|x64.ActiveCfg = Release|x64
		{998839FF-80BD-4ED9-8A3F-21ACEFF9AB7D}.Release|x64.Build.0 = Release|x64
		{998839FF-80BD-4ED9-8A3F-21ACEFF9AB7D}.Release|x86.ActiveCfg = Release|Win32
		{998839FF-80BD-4ED9-8A3F-21ACEFF9AB7D}.Release|x86.Build.0 = Release|Win32
	EndGlobalSection
	GlobalSection(SolutionProperties) = preSolution
		HideSolutionNode = FALSE
	EndGlobalSection
	GlobalSection(ExtensibilityGlobals) = postSolution
		SolutionGuid = {EEAE261B-4C17-48E9-A0E7-5AA65ECCABD6}
	EndGlobalSection
EndGlobal
